
Microsoft Visual Studio Solution File, Format Version 12.00
# Visual Studio Version 16
VisualStudioVersion = 16.0.31129.286
MinimumVisualStudioVersion = 10.0.40219.1
Project("{FAE04EC0-301F-11D3-BF4B-00C04F79EFBC}") = "ShareableSpreadSheet", "ShareableSpreadSheet\ShareableSpreadSheet.csproj", "{1772611B-3363-48AA-B46B-72140DEC1DBB}"
EndProject
Global
	GlobalSection(SolutionConfigurationPlatforms) = preSolution
		Debug|Any CPU = Debug|Any CPU
		Release|Any CPU = Release|Any CPU
	EndGlobalSection
	GlobalSection(ProjectConfigurationPlatforms) = postSolution
		{1772611B-3363-48AA-B46B-72140DEC1DBB}.Debug|Any CPU.ActiveCfg = Debug|Any CPU
		{1772611B-3363-48AA-B46B-72140DEC1DBB}.Debug|Any CPU.Build.0 = Debug|Any CPU
		{1772611B-3363-48AA-B46B-72140DEC1DBB}.Release|Any CPU.ActiveCfg = Release|Any CPU
		{1772611B-3363-48AA-B46B-72140DEC1DBB}.Release|Any CPU.Build.0 = Release|Any CPU
	EndGlobalSection
	GlobalSection(SolutionProperties) = preSolution
		HideSolutionNode = FALSE
	EndGlobalSection
	GlobalSection(ExtensibilityGlobals) = postSolution
		SolutionGuid = {C6F754B7-AC7B-49B9-87EB-B7B783F55346}
	EndGlobalSection
EndGlobal
